PODS:
  - Kingfisher (7.1.1)
  - ProgressHUD (13.6)

DEPENDENCIES:
  - Kingfisher (~> 7.0)
  - ProgressHUD

SPEC REPOS:
  trunk:
    - Kingfisher
    - ProgressHUD

SPEC CHECKSUMS:
  Kingfisher: f738f9c4a3415823b8e2985d10aa2d6a9f37bc4d
  ProgressHUD: 4bdaa0d2ddf676b23324b199f9facffb5c3a1620

PODFILE CHECKSUM: 56d06e8bc819b9549ac373c04041f9f9de7305b4

COCOAPODS: 1.11.2
