// !$*UTF8*$!
{
	archiveVersion = 1;
	classes = {
	};
	objectVersion = 55;
	objects = {

/* Begin PBXBuildFile section */
		20E33D07F24C7AFE8EECAC18 /* Pods_Processica_Movies.framework in Frameworks */ = {isa = PBXBuildFile; fileRef = 7A0593AD96C463DCB50A159C /* Pods_Processica_Movies.framework */; };
		4C4C7FF1275601030046B833 /* MoviesTableViewCell.swift in Sources */ = {isa = PBXBuildFile; fileRef = 4C4C7FF0275601030046B833 /* MoviesTableViewCell.swift */; };
		4C4C7FF3275605BA0046B833 /* UIView+Extensions.swift in Sources */ = {isa = PBXBuildFile; fileRef = 4C4C7FF2275605BA0046B833 /* UIView+Extensions.swift */; };
		4C72661627552ABD00FDC00E /* MovieListViewModel.swift in Sources */ = {isa = PBXBuildFile; fileRef = 4C72661527552ABD00FDC00E /* MovieListViewModel.swift */; };
		4C72661827552AD000FDC00E /* Core.framework in Frameworks */ = {isa = PBXBuildFile; fileRef = 4C72661727552AD000FDC00E /* Core.framework */; };
		4C72661927552AD000FDC00E /* Core.framework in Embed Frameworks */ = {isa = PBXBuildFile; fileRef = 4C72661727552AD000FDC00E /* Core.framework */; settings = {ATTRIBUTES = (CodeSignOnCopy, RemoveHeadersOnCopy, ); }; };
		4C72662027552C2400FDC00E /* AppDependencyContainer.swift in Sources */ = {isa = PBXBuildFile; fileRef = 4C72661F27552C2400FDC00E /* AppDependencyContainer.swift */; };
		4C72662227552C4200FDC00E /* AppDependencyContainerInterface.swift in Sources */ = {isa = PBXBuildFile; fileRef = 4C72662127552C4200FDC00E /* AppDependencyContainerInterface.swift */; };
		4C72662E2755415C00FDC00E /* AppManagers.swift in Sources */ = {isa = PBXBuildFile; fileRef = 4C72662D2755415C00FDC00E /* AppManagers.swift */; };
		4C7266312755418900FDC00E /* ProgressHudInitializer.swift in Sources */ = {isa = PBXBuildFile; fileRef = 4C7266302755418900FDC00E /* ProgressHudInitializer.swift */; };
		4C7266332755425B00FDC00E /* Controller.swift in Sources */ = {isa = PBXBuildFile; fileRef = 4C7266322755425B00FDC00E /* Controller.swift */; };
		4C7266372755438800FDC00E /* PViewController.swift in Sources */ = {isa = PBXBuildFile; fileRef = 4C7266362755438800FDC00E /* PViewController.swift */; };
		4CCE63262755224200319A45 /* AppDelegate.swift in Sources */ = {isa = PBXBuildFile; fileRef = 4CCE63252755224200319A45 /* AppDelegate.swift */; };
		4CCE632A2755224200319A45 /* MovieListViewController.swift in Sources */ = {isa = PBXBuildFile; fileRef = 4CCE63292755224200319A45 /* MovieListViewController.swift */; };
		4CCE632D2755224200319A45 /* MovieListViewController.storyboard in Resources */ = {isa = PBXBuildFile; fileRef = 4CCE632B2755224200319A45 /* MovieListViewController.storyboard */; };
		4CCE63322755224400319A45 /* Assets.xcassets in Resources */ = {isa = PBXBuildFile; fileRef = 4CCE63312755224400319A45 /* Assets.xcassets */; };
		4CCE63352755224400319A45 /* LaunchScreen.storyboard in Resources */ = {isa = PBXBuildFile; fileRef = 4CCE63332755224400319A45 /* LaunchScreen.storyboard */; };
		4CCE63402755224500319A45 /* Processica_MoviesTests.swift in Sources */ = {isa = PBXBuildFile; fileRef = 4CCE633F2755224500319A45 /* Processica_MoviesTests.swift */; };
		4CCE634A2755224500319A45 /* Processica_MoviesUITests.swift in Sources */ = {isa = PBXBuildFile; fileRef = 4CCE63492755224500319A45 /* Processica_MoviesUITests.swift */; };
		4CCE634C2755224500319A45 /* Processica_MoviesUITestsLaunchTests.swift in Sources */ = {isa = PBXBuildFile; fileRef = 4CCE634B2755224500319A45 /* Processica_MoviesUITestsLaunchTests.swift */; };
		4CCE635E2755279100319A45 /* PPublisher.swift in Sources */ = {isa = PBXBuildFile; fileRef = 4CCE635D2755279100319A45 /* PPublisher.swift */; };
		4CFE7E0E27561613007873F3 /* MovieDetailsViewController.storyboard in Resources */ = {isa = PBXBuildFile; fileRef = 4CFE7E0D27561613007873F3 /* MovieDetailsViewController.storyboard */; };
		4CFE7E1027561627007873F3 /* MovieDetailsViewController.swift in Sources */ = {isa = PBXBuildFile; fileRef = 4CFE7E0F27561627007873F3 /* MovieDetailsViewController.swift */; };
		5B7DF0581234269A967EF464 /* Pods_Processica_MoviesTests.framework in Frameworks */ = {isa = PBXBuildFile; fileRef = D5AC322AA5B25FCBEF1B12FD /* Pods_Processica_MoviesTests.framework */; };
		D22AE948CD5BCC471A19CD78 /* Pods_Processica_Movies_Processica_MoviesUITests.framework in Frameworks */ = {isa = PBXBuildFile; fileRef = FCF9B38B0CE5BEA3F6721E1F /* Pods_Processica_Movies_Processica_MoviesUITests.framework */; };
/* End PBXBuildFile section */

/* Begin PBXContainerItemProxy section */
		4CCE633C2755224500319A45 /* PBXContainerItemProxy */ = {
			isa = PBXContainerItemProxy;
			containerPortal = 4CCE631A2755224200319A45 /* Project object */;
			proxyType = 1;
			remoteGlobalIDString = 4CCE63212755224200319A45;
			remoteInfo = "Processica Movies";
		};
		4CCE63462755224500319A45 /* PBXContainerItemProxy */ = {
			isa = PBXContainerItemProxy;
			containerPortal = 4CCE631A2755224200319A45 /* Project object */;
			proxyType = 1;
			remoteGlobalIDString = 4CCE63212755224200319A45;
			remoteInfo = "Processica Movies";
		};
/* End PBXContainerItemProxy section */

/* Begin PBXCopyFilesBuildPhase section */
		4C72661A27552AD000FDC00E /* Embed Frameworks */ = {
			isa = PBXCopyFilesBuildPhase;
			buildActionMask = 2147483647;
			dstPath = "";
			dstSubfolderSpec = 10;
			files = (
				4C72661927552AD000FDC00E /* Core.framework in Embed Frameworks */,
			);
			name = "Embed Frameworks";
			runOnlyForDeploymentPostprocessing = 0;
		};
/* End PBXCopyFilesBuildPhase section */

/* Begin PBXFileReference section */
		044F10EAFDF60EC74B2615B6 /* Pods-Processica Movies-Processica MoviesUITests.debug.xcconfig */ = {isa = PBXFileReference; includeInIndex = 1; lastKnownFileType = text.xcconfig; name = "Pods-Processica Movies-Processica MoviesUITests.debug.xcconfig"; path = "Target Support Files/Pods-Processica Movies-Processica MoviesUITests/Pods-Processica Movies-Processica MoviesUITests.debug.xcconfig"; sourceTree = "<group>"; };
		4C4C7FF0275601030046B833 /* MoviesTableViewCell.swift */ = {isa = PBXFileReference; lastKnownFileType = sourcecode.swift; path = MoviesTableViewCell.swift; sourceTree = "<group>"; };
		4C4C7FF2275605BA0046B833 /* UIView+Extensions.swift */ = {isa = PBXFileReference; lastKnownFileType = sourcecode.swift; path = "UIView+Extensions.swift"; sourceTree = "<group>"; };
		4C72661527552ABD00FDC00E /* MovieListViewModel.swift */ = {isa = PBXFileReference; lastKnownFileType = sourcecode.swift; path = MovieListViewModel.swift; sourceTree = "<group>"; };
		4C72661727552AD000FDC00E /* Core.framework */ = {isa = PBXFileReference; explicitFileType = wrapper.framework; path = Core.framework; sourceTree = BUILT_PRODUCTS_DIR; };
		4C72661F27552C2400FDC00E /* AppDependencyContainer.swift */ = {isa = PBXFileReference; lastKnownFileType = sourcecode.swift; path = AppDependencyContainer.swift; sourceTree = "<group>"; };
		4C72662127552C4200FDC00E /* AppDependencyContainerInterface.swift */ = {isa = PBXFileReference; lastKnownFileType = sourcecode.swift; path = AppDependencyContainerInterface.swift; sourceTree = "<group>"; };
		4C72662D2755415C00FDC00E /* AppManagers.swift */ = {isa = PBXFileReference; lastKnownFileType = sourcecode.swift; path = AppManagers.swift; sourceTree = "<group>"; };
		4C7266302755418900FDC00E /* ProgressHudInitializer.swift */ = {isa = PBXFileReference; lastKnownFileType = sourcecode.swift; path = ProgressHudInitializer.swift; sourceTree = "<group>"; };
		4C7266322755425B00FDC00E /* Controller.swift */ = {isa = PBXFileReference; lastKnownFileType = sourcecode.swift; path = Controller.swift; sourceTree = "<group>"; };
		4C7266362755438800FDC00E /* PViewController.swift */ = {isa = PBXFileReference; lastKnownFileType = sourcecode.swift; path = PViewController.swift; sourceTree = "<group>"; };
		4CCE63222755224200319A45 /* Processica Movies.app */ = {isa = PBXFileReference; explicitFileType = wrapper.application; includeInIndex = 0; path = "Processica Movies.app"; sourceTree = BUILT_PRODUCTS_DIR; };
		4CCE63252755224200319A45 /* AppDelegate.swift */ = {isa = PBXFileReference; lastKnownFileType = sourcecode.swift; path = AppDelegate.swift; sourceTree = "<group>"; };
		4CCE63292755224200319A45 /* MovieListViewController.swift */ = {isa = PBXFileReference; lastKnownFileType = sourcecode.swift; path = MovieListViewController.swift; sourceTree = "<group>"; };
		4CCE632C2755224200319A45 /* Base */ = {isa = PBXFileReference; lastKnownFileType = file.storyboard; name = Base; path = Base.lproj/MovieListViewController.storyboard; sourceTree = "<group>"; };
		4CCE63312755224400319A45 /* Assets.xcassets */ = {isa = PBXFileReference; lastKnownFileType = folder.assetcatalog; path = Assets.xcassets; sourceTree = "<group>"; };
		4CCE63342755224400319A45 /* Base */ = {isa = PBXFileReference; lastKnownFileType = file.storyboard; name = Base; path = Base.lproj/LaunchScreen.storyboard; sourceTree = "<group>"; };
		4CCE63362755224400319A45 /* Info.plist */ = {isa = PBXFileReference; lastKnownFileType = text.plist.xml; path = Info.plist; sourceTree = "<group>"; };
		4CCE633B2755224500319A45 /* Processica MoviesTests.xctest */ = {isa = PBXFileReference; explicitFileType = wrapper.cfbundle; includeInIndex = 0; path = "Processica MoviesTests.xctest"; sourceTree = BUILT_PRODUCTS_DIR; };
		4CCE633F2755224500319A45 /* Processica_MoviesTests.swift */ = {isa = PBXFileReference; lastKnownFileType = sourcecode.swift; path = Processica_MoviesTests.swift; sourceTree = "<group>"; };
		4CCE63452755224500319A45 /* Processica MoviesUITests.xctest */ = {isa = PBXFileReference; explicitFileType = wrapper.cfbundle; includeInIndex = 0; path = "Processica MoviesUITests.xctest"; sourceTree = BUILT_PRODUCTS_DIR; };
		4CCE63492755224500319A45 /* Processica_MoviesUITests.swift */ = {isa = PBXFileReference; lastKnownFileType = sourcecode.swift; path = Processica_MoviesUITests.swift; sourceTree = "<group>"; };
		4CCE634B2755224500319A45 /* Processica_MoviesUITestsLaunchTests.swift */ = {isa = PBXFileReference; lastKnownFileType = sourcecode.swift; path = Processica_MoviesUITestsLaunchTests.swift; sourceTree = "<group>"; };
		4CCE635D2755279100319A45 /* PPublisher.swift */ = {isa = PBXFileReference; lastKnownFileType = sourcecode.swift; path = PPublisher.swift; sourceTree = "<group>"; };
		4CFE7E0D27561613007873F3 /* MovieDetailsViewController.storyboard */ = {isa = PBXFileReference; lastKnownFileType = file.storyboard; path = MovieDetailsViewController.storyboard; sourceTree = "<group>"; };
		4CFE7E0F27561627007873F3 /* MovieDetailsViewController.swift */ = {isa = PBXFileReference; lastKnownFileType = sourcecode.swift; path = MovieDetailsViewController.swift; sourceTree = "<group>"; };
		621281884771E81A15683F9F /* Pods-Processica MoviesTests.debug.xcconfig */ = {isa = PBXFileReference; includeInIndex = 1; lastKnownFileType = text.xcconfig; name = "Pods-Processica MoviesTests.debug.xcconfig"; path = "Target Support Files/Pods-Processica MoviesTests/Pods-Processica MoviesTests.debug.xcconfig"; sourceTree = "<group>"; };
		6451687F98073E81F91FEBCD /* Pods-Processica Movies-Processica MoviesUITests.release.xcconfig */ = {isa = PBXFileReference; includeInIndex = 1; lastKnownFileType = text.xcconfig; name = "Pods-Processica Movies-Processica MoviesUITests.release.xcconfig"; path = "Target Support Files/Pods-Processica Movies-Processica MoviesUITests/Pods-Processica Movies-Processica MoviesUITests.release.xcconfig"; sourceTree = "<group>"; };
		7A0593AD96C463DCB50A159C /* Pods_Processica_Movies.framework */ = {isa = PBXFileReference; explicitFileType = wrapper.framework; includeInIndex = 0; path = Pods_Processica_Movies.framework; sourceTree = BUILT_PRODUCTS_DIR; };
		7FA464F8CF72DC8EFD331B83 /* Pods-Processica Movies.debug.xcconfig */ = {isa = PBXFileReference; includeInIndex = 1; lastKnownFileType = text.xcconfig; name = "Pods-Processica Movies.debug.xcconfig"; path = "Target Support Files/Pods-Processica Movies/Pods-Processica Movies.debug.xcconfig"; sourceTree = "<group>"; };
		D5AC322AA5B25FCBEF1B12FD /* Pods_Processica_MoviesTests.framework */ = {isa = PBXFileReference; explicitFileType = wrapper.framework; includeInIndex = 0; path = Pods_Processica_MoviesTests.framework; sourceTree = BUILT_PRODUCTS_DIR; };
		F4F63B791BB806FA9AFA21AA /* Pods-Processica Movies.release.xcconfig */ = {isa = PBXFileReference; includeInIndex = 1; lastKnownFileType = text.xcconfig; name = "Pods-Processica Movies.release.xcconfig"; path = "Target Support Files/Pods-Processica Movies/Pods-Processica Movies.release.xcconfig"; sourceTree = "<group>"; };
		FAE3522CD0B49EB374E7AB1A /* Pods-Processica MoviesTests.release.xcconfig */ = {isa = PBXFileReference; includeInIndex = 1; lastKnownFileType = text.xcconfig; name = "Pods-Processica MoviesTests.release.xcconfig"; path = "Target Support Files/Pods-Processica MoviesTests/Pods-Processica MoviesTests.release.xcconfig"; sourceTree = "<group>"; };
		FCF9B38B0CE5BEA3F6721E1F /* Pods_Processica_Movies_Processica_MoviesUITests.framework */ = {isa = PBXFileReference; explicitFileType = wrapper.framework; includeInIndex = 0; path = Pods_Processica_Movies_Processica_MoviesUITests.framework; sourceTree = BUILT_PRODUCTS_DIR; };
/* End PBXFileReference section */

/* Begin PBXFrameworksBuildPhase section */
		4CCE631F2755224200319A45 /* Frameworks */ = {
			isa = PBXFrameworksBuildPhase;
			buildActionMask = 2147483647;
			files = (
				20E33D07F24C7AFE8EECAC18 /* Pods_Processica_Movies.framework in Frameworks */,
				4C72661827552AD000FDC00E /* Core.framework in Frameworks */,
			);
			runOnlyForDeploymentPostprocessing = 0;
		};
		4CCE63382755224500319A45 /* Frameworks */ = {
			isa = PBXFrameworksBuildPhase;
			buildActionMask = 2147483647;
			files = (
				5B7DF0581234269A967EF464 /* Pods_Processica_MoviesTests.framework in Frameworks */,
			);
			runOnlyForDeploymentPostprocessing = 0;
		};
		4CCE63422755224500319A45 /* Frameworks */ = {
			isa = PBXFrameworksBuildPhase;
			buildActionMask = 2147483647;
			files = (
				D22AE948CD5BCC471A19CD78 /* Pods_Processica_Movies_Processica_MoviesUITests.framework in Frameworks */,
			);
			runOnlyForDeploymentPostprocessing = 0;
		};
/* End PBXFrameworksBuildPhase section */

/* Begin PBXGroup section */
		1D014568969C773D0E0C255C /* Pods */ = {
			isa = PBXGroup;
			children = (
				7FA464F8CF72DC8EFD331B83 /* Pods-Processica Movies.debug.xcconfig */,
				F4F63B791BB806FA9AFA21AA /* Pods-Processica Movies.release.xcconfig */,
				044F10EAFDF60EC74B2615B6 /* Pods-Processica Movies-Processica MoviesUITests.debug.xcconfig */,
				6451687F98073E81F91FEBCD /* Pods-Processica Movies-Processica MoviesUITests.release.xcconfig */,
				621281884771E81A15683F9F /* Pods-Processica MoviesTests.debug.xcconfig */,
				FAE3522CD0B49EB374E7AB1A /* Pods-Processica MoviesTests.release.xcconfig */,
			);
			path = Pods;
			sourceTree = "<group>";
		};
		2CFF40B1CB5F8A891764F4AE /* Frameworks */ = {
			isa = PBXGroup;
			children = (
				4C72661727552AD000FDC00E /* Core.framework */,
				7A0593AD96C463DCB50A159C /* Pods_Processica_Movies.framework */,
				FCF9B38B0CE5BEA3F6721E1F /* Pods_Processica_Movies_Processica_MoviesUITests.framework */,
				D5AC322AA5B25FCBEF1B12FD /* Pods_Processica_MoviesTests.framework */,
			);
			name = Frameworks;
			sourceTree = "<group>";
		};
		4C7265E42755292F00FDC00E /* ViewController */ = {
			isa = PBXGroup;
			children = (
				4CFE7E0C27561424007873F3 /* MovieDetailsViewController */,
				4CCE63292755224200319A45 /* MovieListViewController.swift */,
				4CCE632B2755224200319A45 /* MovieListViewController.storyboard */,
			);
			path = ViewController;
			sourceTree = "<group>";
		};
		4C7265E52755293800FDC00E /* ViewModel */ = {
			isa = PBXGroup;
			children = (
				4C72661527552ABD00FDC00E /* MovieListViewModel.swift */,
			);
			path = ViewModel;
			sourceTree = "<group>";
		};
		4C7265E62755294100FDC00E /* View */ = {
			isa = PBXGroup;
			children = (
				4C4C7FF0275601030046B833 /* MoviesTableViewCell.swift */,
			);
			path = View;
			sourceTree = "<group>";
		};
		4C7265E72755294C00FDC00E /* Dependency Container */ = {
			isa = PBXGroup;
			children = (
				4C72661F27552C2400FDC00E /* AppDependencyContainer.swift */,
				4C72662127552C4200FDC00E /* AppDependencyContainerInterface.swift */,
			);
			path = "Dependency Container";
			sourceTree = "<group>";
		};
		4C72661B27552B8B00FDC00E /* Interfaces */ = {
			isa = PBXGroup;
			children = (
			);
			path = Interfaces;
			sourceTree = "<group>";
		};
		4C72662C2755412F00FDC00E /* Managers */ = {
			isa = PBXGroup;
			children = (
				4C72662F2755417100FDC00E /* ProgressHud */,
				4C72662D2755415C00FDC00E /* AppManagers.swift */,
			);
			path = Managers;
			sourceTree = "<group>";
		};
		4C72662F2755417100FDC00E /* ProgressHud */ = {
			isa = PBXGroup;
			children = (
				4C7266302755418900FDC00E /* ProgressHudInitializer.swift */,
			);
			path = ProgressHud;
			sourceTree = "<group>";
		};
		4C7266342755432F00FDC00E /* Static Members */ = {
			isa = PBXGroup;
			children = (
				4C7266322755425B00FDC00E /* Controller.swift */,
			);
			path = "Static Members";
			sourceTree = "<group>";
		};
		4CCE63192755224200319A45 = {
			isa = PBXGroup;
			children = (
				4CCE63242755224200319A45 /* Processica Movies */,
				4CCE633E2755224500319A45 /* Processica MoviesTests */,
				4CCE63482755224500319A45 /* Processica MoviesUITests */,
				4CCE63232755224200319A45 /* Products */,
				1D014568969C773D0E0C255C /* Pods */,
				2CFF40B1CB5F8A891764F4AE /* Frameworks */,
			);
			sourceTree = "<group>";
		};
		4CCE63232755224200319A45 /* Products */ = {
			isa = PBXGroup;
			children = (
				4CCE63222755224200319A45 /* Processica Movies.app */,
				4CCE633B2755224500319A45 /* Processica MoviesTests.xctest */,
				4CCE63452755224500319A45 /* Processica MoviesUITests.xctest */,
			);
			name = Products;
			sourceTree = "<group>";
		};
		4CCE63242755224200319A45 /* Processica Movies */ = {
			isa = PBXGroup;
			children = (
				4CCE63582755232800319A45 /* App */,
				4C72662C2755412F00FDC00E /* Managers */,
				4CCE63592755232F00319A45 /* MovieList */,
				4CCE635A2755233A00319A45 /* Core */,
				4C7266342755432F00FDC00E /* Static Members */,
				4CCE635C275524C900319A45 /* Extensions */,
				4CCE635B275524B200319A45 /* Helpers */,
				4C72661B27552B8B00FDC00E /* Interfaces */,
				4CCE63312755224400319A45 /* Assets.xcassets */,
			);
			path = "Processica Movies";
			sourceTree = "<group>";
		};
		4CCE633E2755224500319A45 /* Processica MoviesTests */ = {
			isa = PBXGroup;
			children = (
				4CCE633F2755224500319A45 /* Processica_MoviesTests.swift */,
			);
			path = "Processica MoviesTests";
			sourceTree = "<group>";
		};
		4CCE63482755224500319A45 /* Processica MoviesUITests */ = {
			isa = PBXGroup;
			children = (
				4CCE63492755224500319A45 /* Processica_MoviesUITests.swift */,
				4CCE634B2755224500319A45 /* Processica_MoviesUITestsLaunchTests.swift */,
			);
			path = "Processica MoviesUITests";
			sourceTree = "<group>";
		};
		4CCE63582755232800319A45 /* App */ = {
			isa = PBXGroup;
			children = (
				4C7265E72755294C00FDC00E /* Dependency Container */,
				4CCE63252755224200319A45 /* AppDelegate.swift */,
				4CCE63332755224400319A45 /* LaunchScreen.storyboard */,
				4CCE63362755224400319A45 /* Info.plist */,
			);
			path = App;
			sourceTree = "<group>";
		};
		4CCE63592755232F00319A45 /* MovieList */ = {
			isa = PBXGroup;
			children = (
				4C7265E62755294100FDC00E /* View */,
				4C7265E52755293800FDC00E /* ViewModel */,
				4C7265E42755292F00FDC00E /* ViewController */,
			);
			path = MovieList;
			sourceTree = "<group>";
		};
		4CCE635A2755233A00319A45 /* Core */ = {
			isa = PBXGroup;
			children = (
			);
			path = Core;
			sourceTree = "<group>";
		};
		4CCE635B275524B200319A45 /* Helpers */ = {
			isa = PBXGroup;
			children = (
				4CCE635D2755279100319A45 /* PPublisher.swift */,
				4C7266362755438800FDC00E /* PViewController.swift */,
			);
			path = Helpers;
			sourceTree = "<group>";
		};
		4CCE635C275524C900319A45 /* Extensions */ = {
			isa = PBXGroup;
			children = (
				4C4C7FF2275605BA0046B833 /* UIView+Extensions.swift */,
			);
			path = Extensions;
			sourceTree = "<group>";
		};
		4CFE7E0C27561424007873F3 /* MovieDetailsViewController */ = {
			isa = PBXGroup;
			children = (
				4CFE7E0D27561613007873F3 /* MovieDetailsViewController.storyboard */,
				4CFE7E0F27561627007873F3 /* MovieDetailsViewController.swift */,
			);
			path = MovieDetailsViewController;
			sourceTree = "<group>";
		};
/* End PBXGroup section */

/* Begin PBXNativeTarget section */
		4CCE63212755224200319A45 /* Processica Movies */ = {
			isa = PBXNativeTarget;
			buildConfigurationList = 4CCE634F2755224500319A45 /* Build configuration list for PBXNativeTarget "Processica Movies" */;
			buildPhases = (
				61BF8B011312205B2F8C64BD /* [CP] Check Pods Manifest.lock */,
				4CCE631E2755224200319A45 /* Sources */,
				4CCE631F2755224200319A45 /* Frameworks */,
				4CCE63202755224200319A45 /* Resources */,
				F263F3E3587865A83133EFF7 /* [CP] Embed Pods Frameworks */,
				4C72661A27552AD000FDC00E /* Embed Frameworks */,
			);
			buildRules = (
			);
			dependencies = (
			);
			name = "Processica Movies";
			productName = "Processica Movies";
			productReference = 4CCE63222755224200319A45 /* Processica Movies.app */;
			productType = "com.apple.product-type.application";
		};
		4CCE633A2755224500319A45 /* Processica MoviesTests */ = {
			isa = PBXNativeTarget;
			buildConfigurationList = 4CCE63522755224500319A45 /* Build configuration list for PBXNativeTarget "Processica MoviesTests" */;
			buildPhases = (
				6EA38E03556AD00AA01CF871 /* [CP] Check Pods Manifest.lock */,
				4CCE63372755224500319A45 /* Sources */,
				4CCE63382755224500319A45 /* Frameworks */,
				4CCE63392755224500319A45 /* Resources */,
			);
			buildRules = (
			);
			dependencies = (
				4CCE633D2755224500319A45 /* PBXTargetDependency */,
			);
			name = "Processica MoviesTests";
			productName = "Processica MoviesTests";
			productReference = 4CCE633B2755224500319A45 /* Processica MoviesTests.xctest */;
			productType = "com.apple.product-type.bundle.unit-test";
		};
		4CCE63442755224500319A45 /* Processica MoviesUITests */ = {
			isa = PBXNativeTarget;
			buildConfigurationList = 4CCE63552755224500319A45 /* Build configuration list for PBXNativeTarget "Processica MoviesUITests" */;
			buildPhases = (
				745825CD5DB9215E452839A0 /* [CP] Check Pods Manifest.lock */,
				4CCE63412755224500319A45 /* Sources */,
				4CCE63422755224500319A45 /* Frameworks */,
				4CCE63432755224500319A45 /* Resources */,
				B93CED03891CDA0888C0B8DF /* [CP] Embed Pods Frameworks */,
			);
			buildRules = (
			);
			dependencies = (
				4CCE63472755224500319A45 /* PBXTargetDependency */,
			);
			name = "Processica MoviesUITests";
			productName = "Processica MoviesUITests";
			productReference = 4CCE63452755224500319A45 /* Processica MoviesUITests.xctest */;
			productType = "com.apple.product-type.bundle.ui-testing";
		};
/* End PBXNativeTarget section */

/* Begin PBXProject section */
		4CCE631A2755224200319A45 /* Project object */ = {
			isa = PBXProject;
			attributes = {
				BuildIndependentTargetsInParallel = 1;
				LastSwiftUpdateCheck = 1310;
				LastUpgradeCheck = 1310;
				TargetAttributes = {
					4CCE63212755224200319A45 = {
						CreatedOnToolsVersion = 13.1;
					};
					4CCE633A2755224500319A45 = {
						CreatedOnToolsVersion = 13.1;
						TestTargetID = 4CCE63212755224200319A45;
					};
					4CCE63442755224500319A45 = {
						CreatedOnToolsVersion = 13.1;
						TestTargetID = 4CCE63212755224200319A45;
					};
				};
			};
			buildConfigurationList = 4CCE631D2755224200319A45 /* Build configuration list for PBXProject "Processica Movies" */;
			compatibilityVersion = "Xcode 13.0";
			developmentRegion = en;
			hasScannedForEncodings = 0;
			knownRegions = (
				en,
				Base,
			);
			mainGroup = 4CCE63192755224200319A45;
			productRefGroup = 4CCE63232755224200319A45 /* Products */;
			projectDirPath = "";
			projectRoot = "";
			targets = (
				4CCE63212755224200319A45 /* Processica Movies */,
				4CCE633A2755224500319A45 /* Processica MoviesTests */,
				4CCE63442755224500319A45 /* Processica MoviesUITests */,
			);
		};
/* End PBXProject section */

/* Begin PBXResourcesBuildPhase section */
		4CCE63202755224200319A45 /* Resources */ = {
			isa = PBXResourcesBuildPhase;
			buildActionMask = 2147483647;
			files = (
				4CCE63352755224400319A45 /* LaunchScreen.storyboard in Resources */,
				4CFE7E0E27561613007873F3 /* MovieDetailsViewController.storyboard in Resources */,
				4CCE63322755224400319A45 /* Assets.xcassets in Resources */,
				4CCE632D2755224200319A45 /* MovieListViewController.storyboard in Resources */,
			);
			runOnlyForDeploymentPostprocessing = 0;
		};
		4CCE63392755224500319A45 /* Resources */ = {
			isa = PBXResourcesBuildPhase;
			buildActionMask = 2147483647;
			files = (
			);
			runOnlyForDeploymentPostprocessing = 0;
		};
		4CCE63432755224500319A45 /* Resources */ = {
			isa = PBXResourcesBuildPhase;
			buildActionMask = 2147483647;
			files = (
			);
			runOnlyForDeploymentPostprocessing = 0;
		};
/* End PBXResourcesBuildPhase section */

/* Begin PBXShellScriptBuildPhase section */
		61BF8B011312205B2F8C64BD /* [CP] Check Pods Manifest.lock */ = {
			isa = PBXShellScriptBuildPhase;
			buildActionMask = 2147483647;
			files = (
			);
			inputFileListPaths = (
			);
			inputPaths = (
				"${PODS_PODFILE_DIR_PATH}/Podfile.lock",
				"${PODS_ROOT}/Manifest.lock",
			);
			name = "[CP] Check Pods Manifest.lock";
			outputFileListPaths = (
			);
			outputPaths = (
				"$(DERIVED_FILE_DIR)/Pods-Processica Movies-checkManifestLockResult.txt",
			);
			runOnlyForDeploymentPostprocessing = 0;
			shellPath = /bin/sh;
			shellScript = "diff \"${PODS_PODFILE_DIR_PATH}/Podfile.lock\" \"${PODS_ROOT}/Manifest.lock\" > /dev/null\nif [ $? != 0 ] ; then\n    # print error to STDERR\n    echo \"error: The sandbox is not in sync with the Podfile.lock. Run 'pod install' or update your CocoaPods installation.\" >&2\n    exit 1\nfi\n# This output is used by Xcode 'outputs' to avoid re-running this script phase.\necho \"SUCCESS\" > \"${SCRIPT_OUTPUT_FILE_0}\"\n";
			showEnvVarsInLog = 0;
		};
		6EA38E03556AD00AA01CF871 /* [CP] Check Pods Manifest.lock */ = {
			isa = PBXShellScriptBuildPhase;
			buildActionMask = 2147483647;
			files = (
			);
			inputFileListPaths = (
			);
			inputPaths = (
				"${PODS_PODFILE_DIR_PATH}/Podfile.lock",
				"${PODS_ROOT}/Manifest.lock",
			);
			name = "[CP] Check Pods Manifest.lock";
			outputFileListPaths = (
			);
			outputPaths = (
				"$(DERIVED_FILE_DIR)/Pods-Processica MoviesTests-checkManifestLockResult.txt",
			);
			runOnlyForDeploymentPostprocessing = 0;
			shellPath = /bin/sh;
			shellScript = "diff \"${PODS_PODFILE_DIR_PATH}/Podfile.lock\" \"${PODS_ROOT}/Manifest.lock\" > /dev/null\nif [ $? != 0 ] ; then\n    # print error to STDERR\n    echo \"error: The sandbox is not in sync with the Podfile.lock. Run 'pod install' or update your CocoaPods installation.\" >&2\n    exit 1\nfi\n# This output is used by Xcode 'outputs' to avoid re-running this script phase.\necho \"SUCCESS\" > \"${SCRIPT_OUTPUT_FILE_0}\"\n";
			showEnvVarsInLog = 0;
		};
		745825CD5DB9215E452839A0 /* [CP] Check Pods Manifest.lock */ = {
			isa = PBXShellScriptBuildPhase;
			buildActionMask = 2147483647;
			files = (
			);
			inputFileListPaths = (
			);
			inputPaths = (
				"${PODS_PODFILE_DIR_PATH}/Podfile.lock",
				"${PODS_ROOT}/Manifest.lock",
			);
			name = "[CP] Check Pods Manifest.lock";
			outputFileListPaths = (
			);
			outputPaths = (
				"$(DERIVED_FILE_DIR)/Pods-Processica Movies-Processica MoviesUITests-checkManifestLockResult.txt",
			);
			runOnlyForDeploymentPostprocessing = 0;
			shellPath = /bin/sh;
			shellScript = "diff \"${PODS_PODFILE_DIR_PATH}/Podfile.lock\" \"${PODS_ROOT}/Manifest.lock\" > /dev/null\nif [ $? != 0 ] ; then\n    # print error to STDERR\n    echo \"error: The sandbox is not in sync with the Podfile.lock. Run 'pod install' or update your CocoaPods installation.\" >&2\n    exit 1\nfi\n# This output is used by Xcode 'outputs' to avoid re-running this script phase.\necho \"SUCCESS\" > \"${SCRIPT_OUTPUT_FILE_0}\"\n";
			showEnvVarsInLog = 0;
		};
		B93CED03891CDA0888C0B8DF /* [CP] Embed Pods Frameworks */ = {
			isa = PBXShellScriptBuildPhase;
			buildActionMask = 2147483647;
			files = (
			);
			inputFileListPaths = (
				"${PODS_ROOT}/Target Support Files/Pods-Processica Movies-Processica MoviesUITests/Pods-Processica Movies-Processica MoviesUITests-frameworks-${CONFIGURATION}-input-files.xcfilelist",
			);
			name = "[CP] Embed Pods Frameworks";
			outputFileListPaths = (
				"${PODS_ROOT}/Target Support Files/Pods-Processica Movies-Processica MoviesUITests/Pods-Processica Movies-Processica MoviesUITests-frameworks-${CONFIGURATION}-output-files.xcfilelist",
			);
			runOnlyForDeploymentPostprocessing = 0;
			shellPath = /bin/sh;
			shellScript = "\"${PODS_ROOT}/Target Support Files/Pods-Processica Movies-Processica MoviesUITests/Pods-Processica Movies-Processica MoviesUITests-frameworks.sh\"\n";
			showEnvVarsInLog = 0;
		};
		F263F3E3587865A83133EFF7 /* [CP] Embed Pods Frameworks */ = {
			isa = PBXShellScriptBuildPhase;
			buildActionMask = 2147483647;
			files = (
			);
			inputFileListPaths = (
				"${PODS_ROOT}/Target Support Files/Pods-Processica Movies/Pods-Processica Movies-frameworks-${CONFIGURATION}-input-files.xcfilelist",
			);
			name = "[CP] Embed Pods Frameworks";
			outputFileListPaths = (
				"${PODS_ROOT}/Target Support Files/Pods-Processica Movies/Pods-Processica Movies-frameworks-${CONFIGURATION}-output-files.xcfilelist",
			);
			runOnlyForDeploymentPostprocessing = 0;
			shellPath = /bin/sh;
			shellScript = "\"${PODS_ROOT}/Target Support Files/Pods-Processica Movies/Pods-Processica Movies-frameworks.sh\"\n";
			showEnvVarsInLog = 0;
		};
/* End PBXShellScriptBuildPhase section */

/* Begin PBXSourcesBuildPhase section */
		4CCE631E2755224200319A45 /* Sources */ = {
			isa = PBXSourcesBuildPhase;
			buildActionMask = 2147483647;
			files = (
				4CCE635E2755279100319A45 /* PPublisher.swift in Sources */,
				4C72662027552C2400FDC00E /* AppDependencyContainer.swift in Sources */,
				4CFE7E1027561627007873F3 /* MovieDetailsViewController.swift in Sources */,
				4C72662E2755415C00FDC00E /* AppManagers.swift in Sources */,
				4CCE632A2755224200319A45 /* MovieListViewController.swift in Sources */,
				4C7266332755425B00FDC00E /* Controller.swift in Sources */,
				4C7266312755418900FDC00E /* ProgressHudInitializer.swift in Sources */,
				4C4C7FF3275605BA0046B833 /* UIView+Extensions.swift in Sources */,
				4C4C7FF1275601030046B833 /* MoviesTableViewCell.swift in Sources */,
				4C7266372755438800FDC00E /* PViewController.swift in Sources */,
				4C72662227552C4200FDC00E /* AppDependencyContainerInterface.swift in Sources */,
				4CCE63262755224200319A45 /* AppDelegate.swift in Sources */,
				4C72661627552ABD00FDC00E /* MovieListViewModel.swift in Sources */,
			);
			runOnlyForDeploymentPostprocessing = 0;
		};
		4CCE63372755224500319A45 /* Sources */ = {
			isa = PBXSourcesBuildPhase;
			buildActionMask = 2147483647;
			files = (
				4CCE63402755224500319A45 /* Processica_MoviesTests.swift in Sources */,
			);
			runOnlyForDeploymentPostprocessing = 0;
		};
		4CCE63412755224500319A45 /* Sources */ = {
			isa = PBXSourcesBuildPhase;
			buildActionMask = 2147483647;
			files = (
				4CCE634A2755224500319A45 /* Processica_MoviesUITests.swift in Sources */,
				4CCE634C2755224500319A45 /* Processica_MoviesUITestsLaunchTests.swift in Sources */,
			);
			runOnlyForDeploymentPostprocessing = 0;
		};
/* End PBXSourcesBuildPhase section */

/* Begin PBXTargetDependency section */
		4CCE633D2755224500319A45 /* PBXTargetDependency */ = {
			isa = PBXTargetDependency;
			target = 4CCE63212755224200319A45 /* Processica Movies */;
			targetProxy = 4CCE633C2755224500319A45 /* PBXContainerItemProxy */;
		};
		4CCE63472755224500319A45 /* PBXTargetDependency */ = {
			isa = PBXTargetDependency;
			target = 4CCE63212755224200319A45 /* Processica Movies */;
			targetProxy = 4CCE63462755224500319A45 /* PBXContainerItemProxy */;
		};
/* End PBXTargetDependency section */

/* Begin PBXVariantGroup section */
		4CCE632B2755224200319A45 /* MovieListViewController.storyboard */ = {
			isa = PBXVariantGroup;
			children = (
				4CCE632C2755224200319A45 /* Base */,
			);
			name = MovieListViewController.storyboard;
			sourceTree = "<group>";
		};
		4CCE63332755224400319A45 /* LaunchScreen.storyboard */ = {
			isa = PBXVariantGroup;
			children = (
				4CCE63342755224400319A45 /* Base */,
			);
			name = LaunchScreen.storyboard;
			sourceTree = "<group>";
		};
/* End PBXVariantGroup section */

/* Begin XCBuildConfiguration section */
		4CCE634D2755224500319A45 /* Debug */ = {
			isa = XCBuildConfiguration;
			buildSettings = {
				ALWAYS_SEARCH_USER_PATHS = NO;
				CLANG_ANALYZER_NONNULL = YES;
				CLANG_ANALYZER_NUMBER_OBJECT_CONVERSION = YES_AGGRESSIVE;
				CLANG_CXX_LANGUAGE_STANDARD = "gnu++17";
				CLANG_CXX_LIBRARY = "libc++";
				CLANG_ENABLE_MODULES = YES;
				CLANG_ENABLE_OBJC_ARC = YES;
				CLANG_ENABLE_OBJC_WEAK = YES;
				CLANG_WARN_BLOCK_CAPTURE_AUTORELEASING = YES;
				CLANG_WARN_BOOL_CONVERSION = YES;
				CLANG_WARN_COMMA = YES;
				CLANG_WARN_CONSTANT_CONVERSION = YES;
				CLANG_WARN_DEPRECATED_OBJC_IMPLEMENTATIONS = YES;
				CLANG_WARN_DIRECT_OBJC_ISA_USAGE = YES_ERROR;
				CLANG_WARN_DOCUMENTATION_COMMENTS = YES;
				CLANG_WARN_EMPTY_BODY = YES;
				CLANG_WARN_ENUM_CONVERSION = YES;
				CLANG_WARN_INFINITE_RECURSION = YES;
				CLANG_WARN_INT_CONVERSION = YES;
				CLANG_WARN_NON_LITERAL_NULL_CONVERSION = YES;
				CLANG_WARN_OBJC_IMPLICIT_RETAIN_SELF = YES;
				CLANG_WARN_OBJC_LITERAL_CONVERSION = YES;
				CLANG_WARN_OBJC_ROOT_CLASS = YES_ERROR;
				CLANG_WARN_QUOTED_INCLUDE_IN_FRAMEWORK_HEADER = YES;
				CLANG_WARN_RANGE_LOOP_ANALYSIS = YES;
				CLANG_WARN_STRICT_PROTOTYPES = YES;
				CLANG_WARN_SUSPICIOUS_MOVE = YES;
				CLANG_WARN_UNGUARDED_AVAILABILITY = YES_AGGRESSIVE;
				CLANG_WARN_UNREACHABLE_CODE = YES;
				CLANG_WARN__DUPLICATE_METHOD_MATCH = YES;
				COPY_PHASE_STRIP = NO;
				DEBUG_INFORMATION_FORMAT = dwarf;
				ENABLE_STRICT_OBJC_MSGSEND = YES;
				ENABLE_TESTABILITY = YES;
				GCC_C_LANGUAGE_STANDARD = gnu11;
				GCC_DYNAMIC_NO_PIC = NO;
				GCC_NO_COMMON_BLOCKS = YES;
				GCC_OPTIMIZATION_LEVEL = 0;
				GCC_PREPROCESSOR_DEFINITIONS = (
					"DEBUG=1",
					"$(inherited)",
				);
				GCC_WARN_64_TO_32_BIT_CONVERSION = YES;
				GCC_WARN_ABOUT_RETURN_TYPE = YES_ERROR;
				GCC_WARN_UNDECLARED_SELECTOR = YES;
				GCC_WARN_UNINITIALIZED_AUTOS = YES_AGGRESSIVE;
				GCC_WARN_UNUSED_FUNCTION = YES;
				GCC_WARN_UNUSED_VARIABLE = YES;
				IPHONEOS_DEPLOYMENT_TARGET = 15.0;
				MTL_ENABLE_DEBUG_INFO = INCLUDE_SOURCE;
				MTL_FAST_MATH = YES;
				ONLY_ACTIVE_ARCH = YES;
				SDKROOT = iphoneos;
				SWIFT_ACTIVE_COMPILATION_CONDITIONS = DEBUG;
				SWIFT_OPTIMIZATION_LEVEL = "-Onone";
			};
			name = Debug;
		};
		4CCE634E2755224500319A45 /* Release */ = {
			isa = XCBuildConfiguration;
			buildSettings = {
				ALWAYS_SEARCH_USER_PATHS = NO;
				CLANG_ANALYZER_NONNULL = YES;
				CLANG_ANALYZER_NUMBER_OBJECT_CONVERSION = YES_AGGRESSIVE;
				CLANG_CXX_LANGUAGE_STANDARD = "gnu++17";
				CLANG_CXX_LIBRARY = "libc++";
				CLANG_ENABLE_MODULES = YES;
				CLANG_ENABLE_OBJC_ARC = YES;
				CLANG_ENABLE_OBJC_WEAK = YES;
				CLANG_WARN_BLOCK_CAPTURE_AUTORELEASING = YES;
				CLANG_WARN_BOOL_CONVERSION = YES;
				CLANG_WARN_COMMA = YES;
				CLANG_WARN_CONSTANT_CONVERSION = YES;
				CLANG_WARN_DEPRECATED_OBJC_IMPLEMENTATIONS = YES;
				CLANG_WARN_DIRECT_OBJC_ISA_USAGE = YES_ERROR;
				CLANG_WARN_DOCUMENTATION_COMMENTS = YES;
				CLANG_WARN_EMPTY_BODY = YES;
				CLANG_WARN_ENUM_CONVERSION = YES;
				CLANG_WARN_INFINITE_RECURSION = YES;
				CLANG_WARN_INT_CONVERSION = YES;
				CLANG_WARN_NON_LITERAL_NULL_CONVERSION = YES;
				CLANG_WARN_OBJC_IMPLICIT_RETAIN_SELF = YES;
				CLANG_WARN_OBJC_LITERAL_CONVERSION = YES;
				CLANG_WARN_OBJC_ROOT_CLASS = YES_ERROR;
				CLANG_WARN_QUOTED_INCLUDE_IN_FRAMEWORK_HEADER = YES;
				CLANG_WARN_RANGE_LOOP_ANALYSIS = YES;
				CLANG_WARN_STRICT_PROTOTYPES = YES;
				CLANG_WARN_SUSPICIOUS_MOVE = YES;
				CLANG_WARN_UNGUARDED_AVAILABILITY = YES_AGGRESSIVE;
				CLANG_WARN_UNREACHABLE_CODE = YES;
				CLANG_WARN__DUPLICATE_METHOD_MATCH = YES;
				COPY_PHASE_STRIP = NO;
				DEBUG_INFORMATION_FORMAT = "dwarf-with-dsym";
				ENABLE_NS_ASSERTIONS = NO;
				ENABLE_STRICT_OBJC_MSGSEND = YES;
				GCC_C_LANGUAGE_STANDARD = gnu11;
				GCC_NO_COMMON_BLOCKS = YES;
				GCC_WARN_64_TO_32_BIT_CONVERSION = YES;
				GCC_WARN_ABOUT_RETURN_TYPE = YES_ERROR;
				GCC_WARN_UNDECLARED_SELECTOR = YES;
				GCC_WARN_UNINITIALIZED_AUTOS = YES_AGGRESSIVE;
				GCC_WARN_UNUSED_FUNCTION = YES;
				GCC_WARN_UNUSED_VARIABLE = YES;
				IPHONEOS_DEPLOYMENT_TARGET = 15.0;
				MTL_ENABLE_DEBUG_INFO = NO;
				MTL_FAST_MATH = YES;
				SDKROOT = iphoneos;
				SWIFT_COMPILATION_MODE = wholemodule;
				SWIFT_OPTIMIZATION_LEVEL = "-O";
				VALIDATE_PRODUCT = YES;
			};
			name = Release;
		};
		4CCE63502755224500319A45 /* Debug */ = {
			isa = XCBuildConfiguration;
			baseConfigurationReference = 7FA464F8CF72DC8EFD331B83 /* Pods-Processica Movies.debug.xcconfig */;
			buildSettings = {
				ASSETCATALOG_COMPILER_APPICON_NAME = AppIcon;
				ASSETCATALOG_COMPILER_GLOBAL_ACCENT_COLOR_NAME = AccentColor;
				CODE_SIGN_STYLE = Automatic;
				CURRENT_PROJECT_VERSION = 1;
				DEVELOPMENT_TEAM = 6H4TY4MP42;
				GENERATE_INFOPLIST_FILE = YES;
				INFOPLIST_FILE = "Processica Movies/App/Info.plist";
				INFOPLIST_KEY_UIApplicationSupportsIndirectInputEvents = YES;
				INFOPLIST_KEY_UILaunchStoryboardName = LaunchScreen;
				INFOPLIST_KEY_UISupportedInterfaceOrientations = UIInterfaceOrientationPortrait;
				INFOPLIST_KEY_UISupportedInterfaceOrientations_iPad = "UIInterfaceOrientationPortrait UIInterfaceOrientationPortraitUpsideDown UIInterfaceOrientationLandscapeLeft UIInterfaceOrientationLandscapeRight";
				INFOPLIST_KEY_UISupportedInterfaceOrientations_iPhone = "UIInterfaceOrientationPortrait UIInterfaceOrientationLandscapeLeft UIInterfaceOrientationLandscapeRight";
				IPHONEOS_DEPLOYMENT_TARGET = 13.0;
				LD_RUNPATH_SEARCH_PATHS = (
					"$(inherited)",
					"@executable_path/Frameworks",
				);
				MARKETING_VERSION = 1.0;
				PRODUCT_BUNDLE_IDENTIFIER = "com.maruashvililasha.Processica-Movies";
				PRODUCT_NAME = "$(TARGET_NAME)";
				SWIFT_EMIT_LOC_STRINGS = YES;
				SWIFT_VERSION = 5.0;
				TARGETED_DEVICE_FAMILY = 1;
			};
			name = Debug;
		};
		4CCE63512755224500319A45 /* Release */ = {
			isa = XCBuildConfiguration;
			baseConfigurationReference = F4F63B791BB806FA9AFA21AA /* Pods-Processica Movies.release.xcconfig */;
			buildSettings = {
				ASSETCATALOG_COMPILER_APPICON_NAME = AppIcon;
				ASSETCATALOG_COMPILER_GLOBAL_ACCENT_COLOR_NAME = AccentColor;
				CODE_SIGN_STYLE = Automatic;
				CURRENT_PROJECT_VERSION = 1;
				DEVELOPMENT_TEAM = 6H4TY4MP42;
				GENERATE_INFOPLIST_FILE = YES;
				INFOPLIST_FILE = "Processica Movies/App/Info.plist";
				INFOPLIST_KEY_UIApplicationSupportsIndirectInputEvents = YES;
				INFOPLIST_KEY_UILaunchStoryboardName = LaunchScreen;
				INFOPLIST_KEY_UISupportedInterfaceOrientations = UIInterfaceOrientationPortrait;
				INFOPLIST_KEY_UISupportedInterfaceOrientations_iPad = "UIInterfaceOrientationPortrait UIInterfaceOrientationPortraitUpsideDown UIInterfaceOrientationLandscapeLeft UIInterfaceOrientationLandscapeRight";
				INFOPLIST_KEY_UISupportedInterfaceOrientations_iPhone = "UIInterfaceOrientationPortrait UIInterfaceOrientationLandscapeLeft UIInterfaceOrientationLandscapeRight";
				IPHONEOS_DEPLOYMENT_TARGET = 13.0;
				LD_RUNPATH_SEARCH_PATHS = (
					"$(inherited)",
					"@executable_path/Frameworks",
				);
				MARKETING_VERSION = 1.0;
				PRODUCT_BUNDLE_IDENTIFIER = "com.maruashvililasha.Processica-Movies";
				PRODUCT_NAME = "$(TARGET_NAME)";
				SWIFT_EMIT_LOC_STRINGS = YES;
				SWIFT_VERSION = 5.0;
				TARGETED_DEVICE_FAMILY = 1;
			};
			name = Release;
		};
		4CCE63532755224500319A45 /* Debug */ = {
			isa = XCBuildConfiguration;
			baseConfigurationReference = 621281884771E81A15683F9F /* Pods-Processica MoviesTests.debug.xcconfig */;
			buildSettings = {
				ALWAYS_EMBED_SWIFT_STANDARD_LIBRARIES = YES;
				BUNDLE_LOADER = "$(TEST_HOST)";
				CODE_SIGN_STYLE = Automatic;
				CURRENT_PROJECT_VERSION = 1;
				DEVELOPMENT_TEAM = 6H4TY4MP42;
				GENERATE_INFOPLIST_FILE = YES;
				IPHONEOS_DEPLOYMENT_TARGET = 15.0;
				LD_RUNPATH_SEARCH_PATHS = (
					"$(inherited)",
					"@executable_path/Frameworks",
					"@loader_path/Frameworks",
				);
				MARKETING_VERSION = 1.0;
				PRODUCT_BUNDLE_IDENTIFIER = "com.maruashvililasha.Processica-MoviesTests";
				PRODUCT_NAME = "$(TARGET_NAME)";
				SWIFT_EMIT_LOC_STRINGS = NO;
				SWIFT_VERSION = 5.0;
				TARGETED_DEVICE_FAMILY = "1,2";
				TEST_HOST = "$(BUILT_PRODUCTS_DIR)/Processica Movies.app/Processica Movies";
			};
			name = Debug;
		};
		4CCE63542755224500319A45 /* Release */ = {
			isa = XCBuildConfiguration;
			baseConfigurationReference = FAE3522CD0B49EB374E7AB1A /* Pods-Processica MoviesTests.release.xcconfig */;
			buildSettings = {
				ALWAYS_EMBED_SWIFT_STANDARD_LIBRARIES = YES;
				BUNDLE_LOADER = "$(TEST_HOST)";
				CODE_SIGN_STYLE = Automatic;
				CURRENT_PROJECT_VERSION = 1;
				DEVELOPMENT_TEAM = 6H4TY4MP42;
				GENERATE_INFOPLIST_FILE = YES;
				IPHONEOS_DEPLOYMENT_TARGET = 15.0;
				LD_RUNPATH_SEARCH_PATHS = (
					"$(inherited)",
					"@executable_path/Frameworks",
					"@loader_path/Frameworks",
				);
				MARKETING_VERSION = 1.0;
				PRODUCT_BUNDLE_IDENTIFIER = "com.maruashvililasha.Processica-MoviesTests";
				PRODUCT_NAME = "$(TARGET_NAME)";
				SWIFT_EMIT_LOC_STRINGS = NO;
				SWIFT_VERSION = 5.0;
				TARGETED_DEVICE_FAMILY = "1,2";
				TEST_HOST = "$(BUILT_PRODUCTS_DIR)/Processica Movies.app/Processica Movies";
			};
			name = Release;
		};
		4CCE63562755224500319A45 /* Debug */ = {
			isa = XCBuildConfiguration;
			baseConfigurationReference = 044F10EAFDF60EC74B2615B6 /* Pods-Processica Movies-Processica MoviesUITests.debug.xcconfig */;
			buildSettings = {
				ALWAYS_EMBED_SWIFT_STANDARD_LIBRARIES = YES;
				CODE_SIGN_STYLE = Automatic;
				CURRENT_PROJECT_VERSION = 1;
				DEVELOPMENT_TEAM = 6H4TY4MP42;
				GENERATE_INFOPLIST_FILE = YES;
				LD_RUNPATH_SEARCH_PATHS = (
					"$(inherited)",
					"@executable_path/Frameworks",
					"@loader_path/Frameworks",
				);
				MARKETING_VERSION = 1.0;
				PRODUCT_BUNDLE_IDENTIFIER = "com.maruashvililasha.Processica-MoviesUITests";
				PRODUCT_NAME = "$(TARGET_NAME)";
				SWIFT_EMIT_LOC_STRINGS = NO;
				SWIFT_VERSION = 5.0;
				TARGETED_DEVICE_FAMILY = "1,2";
				TEST_TARGET_NAME = "Processica Movies";
			};
			name = Debug;
		};
		4CCE63572755224500319A45 /* Release */ = {
			isa = XCBuildConfiguration;
			baseConfigurationReference = 6451687F98073E81F91FEBCD /* Pods-Processica Movies-Processica MoviesUITests.release.xcconfig */;
			buildSettings = {
				ALWAYS_EMBED_SWIFT_STANDARD_LIBRARIES = YES;
				CODE_SIGN_STYLE = Automatic;
				CURRENT_PROJECT_VERSION = 1;
				DEVELOPMENT_TEAM = 6H4TY4MP42;
				GENERATE_INFOPLIST_FILE = YES;
				LD_RUNPATH_SEARCH_PATHS = (
					"$(inherited)",
					"@executable_path/Frameworks",
					"@loader_path/Frameworks",
				);
				MARKETING_VERSION = 1.0;
				PRODUCT_BUNDLE_IDENTIFIER = "com.maruashvililasha.Processica-MoviesUITests";
				PRODUCT_NAME = "$(TARGET_NAME)";
				SWIFT_EMIT_LOC_STRINGS = NO;
				SWIFT_VERSION = 5.0;
				TARGETED_DEVICE_FAMILY = "1,2";
				TEST_TARGET_NAME = "Processica Movies";
			};
			name = Release;
		};
/* End XCBuildConfiguration section */

/* Begin XCConfigurationList section */
		4CCE631D2755224200319A45 /* Build configuration list for PBXProject "Processica Movies" */ = {
			isa = XCConfigurationList;
			buildConfigurations = (
				4CCE634D2755224500319A45 /* Debug */,
				4CCE634E2755224500319A45 /* Release */,
			);
			defaultConfigurationIsVisible = 0;
			defaultConfigurationName = Release;
		};
		4CCE634F2755224500319A45 /* Build configuration list for PBXNativeTarget "Processica Movies" */ = {
			isa = XCConfigurationList;
			buildConfigurations = (
				4CCE63502755224500319A45 /* Debug */,
				4CCE63512755224500319A45 /* Release */,
			);
			defaultConfigurationIsVisible = 0;
			defaultConfigurationName = Release;
		};
		4CCE63522755224500319A45 /* Build configuration list for PBXNativeTarget "Processica MoviesTests" */ = {
			isa = XCConfigurationList;
			buildConfigurations = (
				4CCE63532755224500319A45 /* Debug */,
				4CCE63542755224500319A45 /* Release */,
			);
			defaultConfigurationIsVisible = 0;
			defaultConfigurationName = Release;
		};
		4CCE63552755224500319A45 /* Build configuration list for PBXNativeTarget "Processica MoviesUITests" */ = {
			isa = XCConfigurationList;
			buildConfigurations = (
				4CCE63562755224500319A45 /* Debug */,
				4CCE63572755224500319A45 /* Release */,
			);
			defaultConfigurationIsVisible = 0;
			defaultConfigurationName = Release;
		};
/* End XCConfigurationList section */
	};
	rootObject = 4CCE631A2755224200319A45 /* Project object */;
}
